lockfileVersion: '9.0'

settings:
  autoInstallPeers: true
  excludeLinksFromLockfile: false

importers:

  .:
    dependencies:
      '@pixiv/three-vrm':
        specifier: 3.4.2
        version: 3.4.2(three@0.165.0)
      three:
        specifier: 0.165.0
        version: 0.165.0

packages:

  '@pixiv/three-vrm-core@3.4.2':
    resolution: {integrity: sha512-ucdf5hzCcgc421UVjhBQK3VpnodDdOJFf/3RY9glD4RLj0iURZ4hTd4zKXhSITKSS/IisRgU4J2lDhtU0u7e3g==}
    peerDependencies:
      three: '>=0.137'

  '@pixiv/three-vrm-materials-hdr-emissive-multiplier@3.4.2':
    resolution: {integrity: sha512-OuDBao5GRfAefPXK4w4su2AzM/yGvqYYfZQaQryyhSzQbA1UV8EpW4xfrWjdGJ4HiD98L9hVeObZrjZyq2ZVkA==}
    peerDependencies:
      three: '>=0.137'

  '@pixiv/three-vrm-materials-mtoon@3.4.2':
    resolution: {integrity: sha512-UH0ZwF3oWyxr+FwIc4CBdBKsGKfPsaDPt8/lplX+D8oExNZ4eKBSKUaNytV6XhxgWR5a0ZPoZJUzvsCzjv0BPQ==}
    peerDependencies:
      three: '>=0.137'

  '@pixiv/three-vrm-materials-v0compat@3.4.2':
    resolution: {integrity: sha512-h1E/CB3h3f3iK0QnzzfeBy4C2GiiSkSf6q4OSYg26Qnyvl8iCPduqukm85yD5xuyDU3i1KzimuWj0n1Ah3s6kw==}
    peerDependencies:
      three: '>=0.137'

  '@pixiv/three-vrm-node-constraint@3.4.2':
    resolution: {integrity: sha512-KjkvsZv91naCkblOttM46JdJP2UdKCd+fAxewnVAc+FWkS5qUA1fiKZhWz06JuO1yMVMY3/OohnIlDfRGtdq6A==}
    peerDependencies:
      three: '>=0.137'

  '@pixiv/three-vrm-springbone@3.4.2':
    resolution: {integrity: sha512-4IUOHehnWkg2ZhipCGpSppB7lfR+/GuLVLp42N5jQi6Tf3keAm/tXwDeGgJO2o9AgcDW2Gq3/MFxkcSfvojKCw==}
    peerDependencies:
      three: '>=0.137'

  '@pixiv/three-vrm@3.4.2':
    resolution: {integrity: sha512-Q3WLZ2Keh3y1GOhxWFieQCXsi+O9cGoPJD7GxQI6VJIEGuWXF0ghPND7RNUd1/AM2/Al7ChuWyaqyGq7j5/0/w==}
    peerDependencies:
      three: '>=0.137'

  '@pixiv/types-vrm-0.0@3.4.2':
    resolution: {integrity: sha512-Y8jELwRGYW5GkO0Q9SQ2XOwGHgbKiLB3bRedpRELCEJVki2vWWkNoK8MqyuXmBEk2pQdaU5YDJ1mDpdCNVaIDA==}

  '@pixiv/types-vrmc-materials-hdr-emissive-multiplier-1.0@3.4.2':
    resolution: {integrity: sha512-kqo08aM9mPq9c9sfq8x+TxhrhuF41aaCeOoDAcSfwcOQgXrZt6ZFbyiiI9ViMpeuCZ8bSjjN6f5Opf3BwbYMLQ==}

  '@pixiv/types-vrmc-materials-mtoon-1.0@3.4.2':
    resolution: {integrity: sha512-VVcY7SniFh+wj0fNA/MDWr7ST6AWoaKtlxzC/ZyQd28zxjRgGbe40OGdref64rBxGwIV8JfBXgtYUxrJ2BN5DQ==}

  '@pixiv/types-vrmc-node-constraint-1.0@3.4.2':
    resolution: {integrity: sha512-DIkmUxeyaAl6iMiH20ug+ns2trnQPvi5lU0Hf3r/g4Ikq+8WRDcX3pggG1Uihr6xAy4S4lc7u5dS5lLDrAEsbw==}

  '@pixiv/types-vrmc-springbone-1.0@3.4.2':
    resolution: {integrity: sha512-xbwsSPl31vltmYW9ADX6DxgnGZcXhhsqkcY4Jr6N0xCxH+H1V0qv5vNhN/+ntBMccQul35CtzNpXZohJ5zB1wA==}

  '@pixiv/types-vrmc-springbone-extended-collider-1.0@3.4.2':
    resolution: {integrity: sha512-4leeV4KmG8cw98L0vAVrv5XsyGmIEr4iTr5rZ2dTOW2KJjoA458mBWnlKImj2n6bVCoqgExvt6IIi2AFnJgWjA==}

  '@pixiv/types-vrmc-vrm-1.0@3.4.2':
    resolution: {integrity: sha512-AcbcDDtPevbmds2N7HUfPb/eKbMlbDaS4VADUNC2uO4pQDHa4vi1gDDxneYNFq4htQ2VUco9Yhqr5idp2MofOg==}

  three@0.165.0:
    resolution: {integrity: sha512-cc96IlVYGydeceu0e5xq70H8/yoVT/tXBxV/W8A/U6uOq7DXc4/s1Mkmnu6SqoYGhSRWWYFOhVwvq6V0VtbplA==}

snapshots:

  '@pixiv/three-vrm-core@3.4.2(three@0.165.0)':
    dependencies:
      '@pixiv/types-vrm-0.0': 3.4.2
      '@pixiv/types-vrmc-vrm-1.0': 3.4.2
      three: 0.165.0

  '@pixiv/three-vrm-materials-hdr-emissive-multiplier@3.4.2(three@0.165.0)':
    dependencies:
      '@pixiv/types-vrmc-materials-hdr-emissive-multiplier-1.0': 3.4.2
      three: 0.165.0

  '@pixiv/three-vrm-materials-mtoon@3.4.2(three@0.165.0)':
    dependencies:
      '@pixiv/types-vrm-0.0': 3.4.2
      '@pixiv/types-vrmc-materials-mtoon-1.0': 3.4.2
      three: 0.165.0

  '@pixiv/three-vrm-materials-v0compat@3.4.2(three@0.165.0)':
    dependencies:
      '@pixiv/types-vrm-0.0': 3.4.2
      '@pixiv/types-vrmc-materials-mtoon-1.0': 3.4.2
      three: 0.165.0

  '@pixiv/three-vrm-node-constraint@3.4.2(three@0.165.0)':
    dependencies:
      '@pixiv/types-vrmc-node-constraint-1.0': 3.4.2
      three: 0.165.0

  '@pixiv/three-vrm-springbone@3.4.2(three@0.165.0)':
    dependencies:
      '@pixiv/types-vrm-0.0': 3.4.2
      '@pixiv/types-vrmc-springbone-1.0': 3.4.2
      '@pixiv/types-vrmc-springbone-extended-collider-1.0': 3.4.2
      three: 0.165.0

  '@pixiv/three-vrm@3.4.2(three@0.165.0)':
    dependencies:
      '@pixiv/three-vrm-core': 3.4.2(three@0.165.0)
      '@pixiv/three-vrm-materials-hdr-emissive-multiplier': 3.4.2(three@0.165.0)
      '@pixiv/three-vrm-materials-mtoon': 3.4.2(three@0.165.0)
      '@pixiv/three-vrm-materials-v0compat': 3.4.2(three@0.165.0)
      '@pixiv/three-vrm-node-constraint': 3.4.2(three@0.165.0)
      '@pixiv/three-vrm-springbone': 3.4.2(three@0.165.0)
      three: 0.165.0

  '@pixiv/types-vrm-0.0@3.4.2': {}

  '@pixiv/types-vrmc-materials-hdr-emissive-multiplier-1.0@3.4.2': {}

  '@pixiv/types-vrmc-materials-mtoon-1.0@3.4.2': {}

  '@pixiv/types-vrmc-node-constraint-1.0@3.4.2': {}

  '@pixiv/types-vrmc-springbone-1.0@3.4.2': {}

  '@pixiv/types-vrmc-springbone-extended-collider-1.0@3.4.2': {}

  '@pixiv/types-vrmc-vrm-1.0@3.4.2': {}

  three@0.165.0: {}
